GEM
  remote: https://rubygems.org/
  specs:
    addressable (2.8.9)
      public_suffix (>= 2.0.2, < 8.0)
    bigdecimal (4.1.0)
    csv (3.3.5)
    json-schema (6.2.0)
      addressable (~> 2.8)
      bigdecimal (>= 3.1, < 5)
    mcp (0.10.0)
      json-schema (>= 4.1)
    ox (2.14.23)
      bigdecimal (>= 3.0)
    public_suffix (7.0.5)
    sqlite3 (2.9.2-arm64-darwin)

PLATFORMS
  arm64-darwin-24

DEPENDENCIES
  csv
  mcp
  ox
  sqlite3

CHECKSUMS
  addressable (2.8.9) sha256=cc154fcbe689711808a43601dee7b980238ce54368d23e127421753e46895485
  bigdecimal (4.1.0) sha256=6dc07767aa3dc456ccd48e7ae70a07b474e9afd7c5bc576f80bd6da5c8dd6cae
  csv (3.3.5) sha256=6e5134ac3383ef728b7f02725d9872934f523cb40b961479f69cf3afa6c8e73f
  json-schema (6.2.0) sha256=e8bff46ed845a22c1ab2bd0d7eccf831c01fe23bb3920caa4c74db4306813666
  mcp (0.10.0) sha256=09b9231eb16dff75cc7b8a95817c8acfcf4d1cab8d34f350671e43e765242b57
  ox (2.14.23) sha256=4a9aedb4d6c78c5ebac1d7287dc7cc6808e14a8831d7adb727438f6a1b461b66
  public_suffix (7.0.5) sha256=1a8bb08f1bbea19228d3bed6e5ed908d1cb4f7c2726d18bd9cadf60bc676f623
  sqlite3 (2.9.2-arm64-darwin) sha256=d15bd9609a05f9d54930babe039585efc8cadd57517c15b64ec7dfa75158a5e9

BUNDLED WITH
  4.0.3
