GEM
  remote: https://rubygems.org/
  specs:
    bigdecimal (4.1.0)
    ox (2.14.23)
      bigdecimal (>= 3.0)

PLATFORMS
  arm64-darwin-24
  ruby

DEPENDENCIES
  ox

CHECKSUMS
  bigdecimal (4.1.0) sha256=6dc07767aa3dc456ccd48e7ae70a07b474e9afd7c5bc576f80bd6da5c8dd6cae
  ox (2.14.23) sha256=4a9aedb4d6c78c5ebac1d7287dc7cc6808e14a8831d7adb727438f6a1b461b66

BUNDLED WITH
  4.0.3
